
Microsoft Visual Studio Solution File, Format Version 12.00
Project("{FAE04EC0-301F-11D3-BF4B-00C04F79EFBC}") = "TreesTestTask.Core", "TreesTestTask.Core\TreesTestTask.Core.csproj", "{1A7F0B6E-D4FA-45AA-9E66-0A827DC73CD3}"
EndProject
Project("{FAE04EC0-301F-11D3-BF4B-00C04F79EFBC}") = "TreesTestTask.Dal", "TreesTestTask.Dal\TreesTestTask.Dal.csproj", "{B49A2666-25D0-4B5F-BE0D-35D9FE413176}"
EndProject
Project("{FAE04EC0-301F-11D3-BF4B-00C04F79EFBC}") = "TreesTestTask.Common", "TreesTestTask.Common\TreesTestTask.Common.csproj", "{5EEE894F-4B40-49E4-83BE-979CF7C2196B}"
EndProject
Project("{FAE04EC0-301F-11D3-BF4B-00C04F79EFBC}") = "TreesTestTask.Dal.Contracts", "TreesTestTask.Dal.Contracts\TreesTestTask.Dal.Contracts.csproj", "{A491D424-9F5C-483A-885E-C8DA4046EAAB}"
EndProject
Project("{FAE04EC0-301F-11D3-BF4B-00C04F79EFBC}") = "TreesTestTask.Core.Contracts", "TreesTestTask.Core.Contracts\TreesTestTask.Core.Contracts.csproj", "{8769DF64-8F8A-482F-A797-E7D5E71744BB}"
EndProject
Global
	GlobalSection(SolutionConfigurationPlatforms) = preSolution
		Debug|Any CPU = Debug|Any CPU
		Release|Any CPU = Release|Any CPU
	EndGlobalSection
	GlobalSection(ProjectConfigurationPlatforms) = postSolution
		{1A7F0B6E-D4FA-45AA-9E66-0A827DC73CD3}.Debug|Any CPU.ActiveCfg = Debug|Any CPU
		{1A7F0B6E-D4FA-45AA-9E66-0A827DC73CD3}.Debug|Any CPU.Build.0 = Debug|Any CPU
		{1A7F0B6E-D4FA-45AA-9E66-0A827DC73CD3}.Release|Any CPU.ActiveCfg = Release|Any CPU
		{1A7F0B6E-D4FA-45AA-9E66-0A827DC73CD3}.Release|Any CPU.Build.0 = Release|Any CPU
		{B49A2666-25D0-4B5F-BE0D-35D9FE413176}.Debug|Any CPU.ActiveCfg = Debug|Any CPU
		{B49A2666-25D0-4B5F-BE0D-35D9FE413176}.Debug|Any CPU.Build.0 = Debug|Any CPU
		{B49A2666-25D0-4B5F-BE0D-35D9FE413176}.Release|Any CPU.ActiveCfg = Release|Any CPU
		{B49A2666-25D0-4B5F-BE0D-35D9FE413176}.Release|Any CPU.Build.0 = Release|Any CPU
		{5EEE894F-4B40-49E4-83BE-979CF7C2196B}.Debug|Any CPU.ActiveCfg = Debug|Any CPU
		{5EEE894F-4B40-49E4-83BE-979CF7C2196B}.Debug|Any CPU.Build.0 = Debug|Any CPU
		{5EEE894F-4B40-49E4-83BE-979CF7C2196B}.Release|Any CPU.ActiveCfg = Release|Any CPU
		{5EEE894F-4B40-49E4-83BE-979CF7C2196B}.Release|Any CPU.Build.0 = Release|Any CPU
		{A491D424-9F5C-483A-885E-C8DA4046EAAB}.Debug|Any CPU.ActiveCfg = Debug|Any CPU
		{A491D424-9F5C-483A-885E-C8DA4046EAAB}.Debug|Any CPU.Build.0 = Debug|Any CPU
		{A491D424-9F5C-483A-885E-C8DA4046EAAB}.Release|Any CPU.ActiveCfg = Release|Any CPU
		{A491D424-9F5C-483A-885E-C8DA4046EAAB}.Release|Any CPU.Build.0 = Release|Any CPU
		{8769DF64-8F8A-482F-A797-E7D5E71744BB}.Debug|Any CPU.ActiveCfg = Debug|Any CPU
		{8769DF64-8F8A-482F-A797-E7D5E71744BB}.Debug|Any CPU.Build.0 = Debug|Any CPU
		{8769DF64-8F8A-482F-A797-E7D5E71744BB}.Release|Any CPU.ActiveCfg = Release|Any CPU
		{8769DF64-8F8A-482F-A797-E7D5E71744BB}.Release|Any CPU.Build.0 = Release|Any CPU
	EndGlobalSection
EndGlobal
